
Microsoft Visual Studio Solution File, Format Version 12.00
# Visual Studio Version 17
VisualStudioVersion = 17.14.36401.2 d17.14
MinimumVisualStudioVersion = 10.0.40219.1
Project("{FAE04EC0-301F-11D3-BF4B-00C04F79EFBC}") = "TextAdventureGame", "TextAdventureGame\TextAdventureGame.csproj", "{F68AD5F1-5CE5-43CC-B560-E2419CBA92B9}"
EndProject
Global
	GlobalSection(SolutionConfigurationPlatforms) = preSolution
		Debug|Any CPU = Debug|Any CPU
		Release|Any CPU = Release|Any CPU
	EndGlobalSection
	GlobalSection(ProjectConfigurationPlatforms) = postSolution
		{F68AD5F1-5CE5-43CC-B560-E2419CBA92B9}.Debug|Any CPU.ActiveCfg = Debug|Any CPU
		{F68AD5F1-5CE5-43CC-B560-E2419CBA92B9}.Debug|Any CPU.Build.0 = Debug|Any CPU
		{F68AD5F1-5CE5-43CC-B560-E2419CBA92B9}.Release|Any CPU.ActiveCfg = Release|Any CPU
		{F68AD5F1-5CE5-43CC-B560-E2419CBA92B9}.Release|Any CPU.Build.0 = Release|Any CPU
	EndGlobalSection
	GlobalSection(SolutionProperties) = preSolution
		HideSolutionNode = FALSE
	EndGlobalSection
	GlobalSection(ExtensibilityGlobals) = postSolution
		SolutionGuid = {1D11E5AA-A8A4-4A4C-8C97-ABDA73B5C494}
	EndGlobalSection
EndGlobal
