
Microsoft Visual Studio Solution File, Format Version 12.00
# Visual Studio Version 17
VisualStudioVersion = 17.14.36414.22 d17.14
MinimumVisualStudioVersion = 10.0.40219.1
Project("{FAE04EC0-301F-11D3-BF4B-00C04F79EFBC}") = "LinqToSQL", "LinqToSQL\LinqToSQL.csproj", "{39873BFE-4305-48F0-9D05-339B9698C6ED}"
EndProject
Global
	GlobalSection(SolutionConfigurationPlatforms) = preSolution
		Debug|Any CPU = Debug|Any CPU
		Release|Any CPU = Release|Any CPU
	EndGlobalSection
	GlobalSection(ProjectConfigurationPlatforms) = postSolution
		{39873BFE-4305-48F0-9D05-339B9698C6ED}.Debug|Any CPU.ActiveCfg = Debug|Any CPU
		{39873BFE-4305-48F0-9D05-339B9698C6ED}.Debug|Any CPU.Build.0 = Debug|Any CPU
		{39873BFE-4305-48F0-9D05-339B9698C6ED}.Release|Any CPU.ActiveCfg = Release|Any CPU
		{39873BFE-4305-48F0-9D05-339B9698C6ED}.Release|Any CPU.Build.0 = Release|Any CPU
	EndGlobalSection
	GlobalSection(SolutionProperties) = preSolution
		HideSolutionNode = FALSE
	EndGlobalSection
	GlobalSection(ExtensibilityGlobals) = postSolution
		SolutionGuid = {41B211AA-4E95-4E7E-977F-0CB3A0746B11}
	EndGlobalSection
EndGlobal
