
Microsoft Visual Studio Solution File, Format Version 12.00
# Visual Studio Version 17
VisualStudioVersion = 17.14.36408.4 d17.14
MinimumVisualStudioVersion = 10.0.40219.1
Project("{FAE04EC0-301F-11D3-BF4B-00C04F79EFBC}") = "InvoiceManagement", "InvoiceManagement\InvoiceManagement.csproj", "{0F76BF56-C1D2-424E-B840-CF9E541DA8EA}"
EndProject
Global
	GlobalSection(SolutionConfigurationPlatforms) = preSolution
		Debug|Any CPU = Debug|Any CPU
		Release|Any CPU = Release|Any CPU
	EndGlobalSection
	GlobalSection(ProjectConfigurationPlatforms) = postSolution
		{0F76BF56-C1D2-424E-B840-CF9E541DA8EA}.Debug|Any CPU.ActiveCfg = Debug|Any CPU
		{0F76BF56-C1D2-424E-B840-CF9E541DA8EA}.Debug|Any CPU.Build.0 = Debug|Any CPU
		{0F76BF56-C1D2-424E-B840-CF9E541DA8EA}.Release|Any CPU.ActiveCfg = Release|Any CPU
		{0F76BF56-C1D2-424E-B840-CF9E541DA8EA}.Release|Any CPU.Build.0 = Release|Any CPU
	EndGlobalSection
	GlobalSection(SolutionProperties) = preSolution
		HideSolutionNode = FALSE
	EndGlobalSection
	GlobalSection(ExtensibilityGlobals) = postSolution
		SolutionGuid = {34115CCA-C562-40DE-B9E3-47E1DC61EF78}
	EndGlobalSection
EndGlobal
