
Microsoft Visual Studio Solution File, Format Version 12.00
# Visual Studio Version 17
VisualStudioVersion = 17.14.36401.2 d17.14
MinimumVisualStudioVersion = 10.0.40219.1
Project("{FAE04EC0-301F-11D3-BF4B-00C04F79EFBC}") = "RegexE", "Regex\RegexE.csproj", "{73854F63-8261-4056-BD41-785AAAADFE6D}"
EndProject
Global
	GlobalSection(SolutionConfigurationPlatforms) = preSolution
		Debug|Any CPU = Debug|Any CPU
		Release|Any CPU = Release|Any CPU
	EndGlobalSection
	GlobalSection(ProjectConfigurationPlatforms) = postSolution
		{73854F63-8261-4056-BD41-785AAAADFE6D}.Debug|Any CPU.ActiveCfg = Debug|Any CPU
		{73854F63-8261-4056-BD41-785AAAADFE6D}.Debug|Any CPU.Build.0 = Debug|Any CPU
		{73854F63-8261-4056-BD41-785AAAADFE6D}.Release|Any CPU.ActiveCfg = Release|Any CPU
		{73854F63-8261-4056-BD41-785AAAADFE6D}.Release|Any CPU.Build.0 = Release|Any CPU
	EndGlobalSection
	GlobalSection(SolutionProperties) = preSolution
		HideSolutionNode = FALSE
	EndGlobalSection
	GlobalSection(ExtensibilityGlobals) = postSolution
		SolutionGuid = {B4FC9DF8-1862-4180-AAD9-9546518ACC9B}
	EndGlobalSection
EndGlobal
