
Microsoft Visual Studio Solution File, Format Version 12.00
# Visual Studio Version 17
VisualStudioVersion = 17.14.36414.22 d17.14
MinimumVisualStudioVersion = 10.0.40219.1
Project("{FAE04EC0-301F-11D3-BF4B-00C04F79EFBC}") = "CurrencyConverter_Static", "CurrencyConverter_Static\CurrencyConverter_Static.csproj", "{08951E32-E5A7-4AAE-A4E4-7C8BE1E2119F}"
EndProject
Global
	GlobalSection(SolutionConfigurationPlatforms) = preSolution
		Debug|Any CPU = Debug|Any CPU
		Release|Any CPU = Release|Any CPU
	EndGlobalSection
	GlobalSection(ProjectConfigurationPlatforms) = postSolution
		{08951E32-E5A7-4AAE-A4E4-7C8BE1E2119F}.Debug|Any CPU.ActiveCfg = Debug|Any CPU
		{08951E32-E5A7-4AAE-A4E4-7C8BE1E2119F}.Debug|Any CPU.Build.0 = Debug|Any CPU
		{08951E32-E5A7-4AAE-A4E4-7C8BE1E2119F}.Release|Any CPU.ActiveCfg = Release|Any CPU
		{08951E32-E5A7-4AAE-A4E4-7C8BE1E2119F}.Release|Any CPU.Build.0 = Release|Any CPU
	EndGlobalSection
	GlobalSection(SolutionProperties) = preSolution
		HideSolutionNode = FALSE
	EndGlobalSection
	GlobalSection(ExtensibilityGlobals) = postSolution
		SolutionGuid = {D30A83F4-BB58-408A-8BEC-618D26239728}
	EndGlobalSection
EndGlobal
