
Microsoft Visual Studio Solution File, Format Version 12.00
# Visual Studio Version 17
VisualStudioVersion = 17.14.36401.2 d17.14
MinimumVisualStudioVersion = 10.0.40219.1
Project("{FAE04EC0-301F-11D3-BF4B-00C04F79EFBC}") = "Playground", "Playground\Playground.csproj", "{C3684C65-44DE-43A7-8D05-12978B861E37}"
EndProject
Global
	GlobalSection(SolutionConfigurationPlatforms) = preSolution
		Debug|Any CPU = Debug|Any CPU
		Release|Any CPU = Release|Any CPU
	EndGlobalSection
	GlobalSection(ProjectConfigurationPlatforms) = postSolution
		{C3684C65-44DE-43A7-8D05-12978B861E37}.Debug|Any CPU.ActiveCfg = Debug|Any CPU
		{C3684C65-44DE-43A7-8D05-12978B861E37}.Debug|Any CPU.Build.0 = Debug|Any CPU
		{C3684C65-44DE-43A7-8D05-12978B861E37}.Release|Any CPU.ActiveCfg = Release|Any CPU
		{C3684C65-44DE-43A7-8D05-12978B861E37}.Release|Any CPU.Build.0 = Release|Any CPU
	EndGlobalSection
	GlobalSection(SolutionProperties) = preSolution
		HideSolutionNode = FALSE
	EndGlobalSection
	GlobalSection(ExtensibilityGlobals) = postSolution
		SolutionGuid = {80E888E0-500D-42F7-A59B-9D173C46CE57}
	EndGlobalSection
EndGlobal
