
Microsoft Visual Studio Solution File, Format Version 12.00
# Visual Studio Version 17
VisualStudioVersion = 17.14.36414.22 d17.14
MinimumVisualStudioVersion = 10.0.40219.1
Project("{FAE04EC0-301F-11D3-BF4B-00C04F79EFBC}") = "Threads", "Threads\Threads.csproj", "{A58B6365-C79D-4289-8921-66E6C0302AB9}"
EndProject
Global
	GlobalSection(SolutionConfigurationPlatforms) = preSolution
		Debug|Any CPU = Debug|Any CPU
		Release|Any CPU = Release|Any CPU
	EndGlobalSection
	GlobalSection(ProjectConfigurationPlatforms) = postSolution
		{A58B6365-C79D-4289-8921-66E6C0302AB9}.Debug|Any CPU.ActiveCfg = Debug|Any CPU
		{A58B6365-C79D-4289-8921-66E6C0302AB9}.Debug|Any CPU.Build.0 = Debug|Any CPU
		{A58B6365-C79D-4289-8921-66E6C0302AB9}.Release|Any CPU.ActiveCfg = Release|Any CPU
		{A58B6365-C79D-4289-8921-66E6C0302AB9}.Release|Any CPU.Build.0 = Release|Any CPU
	EndGlobalSection
	GlobalSection(SolutionProperties) = preSolution
		HideSolutionNode = FALSE
	EndGlobalSection
	GlobalSection(ExtensibilityGlobals) = postSolution
		SolutionGuid = {83045FD3-0F64-459E-8EA4-1D99E5926EF4}
	EndGlobalSection
EndGlobal
