
Microsoft Visual Studio Solution File, Format Version 12.00
# Visual Studio Version 17
VisualStudioVersion = 17.14.36401.2 d17.14
MinimumVisualStudioVersion = 10.0.40219.1
Project("{FAE04EC0-301F-11D3-BF4B-00C04F79EFBC}") = "Inheritence", "Inheritence\Inheritence.csproj", "{C01E4A07-D0E1-423B-851B-F2BF2CAF4FCD}"
EndProject
Global
	GlobalSection(SolutionConfigurationPlatforms) = preSolution
		Debug|Any CPU = Debug|Any CPU
		Release|Any CPU = Release|Any CPU
	EndGlobalSection
	GlobalSection(ProjectConfigurationPlatforms) = postSolution
		{C01E4A07-D0E1-423B-851B-F2BF2CAF4FCD}.Debug|Any CPU.ActiveCfg = Debug|Any CPU
		{C01E4A07-D0E1-423B-851B-F2BF2CAF4FCD}.Debug|Any CPU.Build.0 = Debug|Any CPU
		{C01E4A07-D0E1-423B-851B-F2BF2CAF4FCD}.Release|Any CPU.ActiveCfg = Release|Any CPU
		{C01E4A07-D0E1-423B-851B-F2BF2CAF4FCD}.Release|Any CPU.Build.0 = Release|Any CPU
	EndGlobalSection
	GlobalSection(SolutionProperties) = preSolution
		HideSolutionNode = FALSE
	EndGlobalSection
	GlobalSection(ExtensibilityGlobals) = postSolution
		SolutionGuid = {2C62A1ED-1BEB-40D9-928A-2921576FCBA8}
	EndGlobalSection
EndGlobal
