
Microsoft Visual Studio Solution File, Format Version 12.00
# Visual Studio Version 17
VisualStudioVersion = 17.14.36408.4 d17.14
MinimumVisualStudioVersion = 10.0.40219.1
Project("{FAE04EC0-301F-11D3-BF4B-00C04F79EFBC}") = "StudentRegistrationProject", "StudentRegistrationProject\StudentRegistrationProject.csproj", "{DB1C30D2-6552-4E78-AE1D-383A59764BBA}"
EndProject
Global
	GlobalSection(SolutionConfigurationPlatforms) = preSolution
		Debug|Any CPU = Debug|Any CPU
		Release|Any CPU = Release|Any CPU
	EndGlobalSection
	GlobalSection(ProjectConfigurationPlatforms) = postSolution
		{DB1C30D2-6552-4E78-AE1D-383A59764BBA}.Debug|Any CPU.ActiveCfg = Debug|Any CPU
		{DB1C30D2-6552-4E78-AE1D-383A59764BBA}.Debug|Any CPU.Build.0 = Debug|Any CPU
		{DB1C30D2-6552-4E78-AE1D-383A59764BBA}.Release|Any CPU.ActiveCfg = Release|Any CPU
		{DB1C30D2-6552-4E78-AE1D-383A59764BBA}.Release|Any CPU.Build.0 = Release|Any CPU
	EndGlobalSection
	GlobalSection(SolutionProperties) = preSolution
		HideSolutionNode = FALSE
	EndGlobalSection
	GlobalSection(ExtensibilityGlobals) = postSolution
		SolutionGuid = {875DFF3C-E693-4D1E-8E48-46F0B2932ECB}
	EndGlobalSection
EndGlobal
