Microsoft Visual Studio Solution File, Format Version 12.00
# Visual Studio Version 17
VisualStudioVersion = 17.5.2.0
MinimumVisualStudioVersion = 10.0.40219.1
Project("{FAE04EC0-301F-11D3-BF4B-00C04F79EFBC}") = "SqlApi", "SqlApi.csproj", "{81C7BD91-32F4-81D7-C376-C1EB93347F22}"
EndProject
Global
	GlobalSection(SolutionConfigurationPlatforms) = preSolution
		Debug|Any CPU = Debug|Any CPU
		Release|Any CPU = Release|Any CPU
	EndGlobalSection
	GlobalSection(ProjectConfigurationPlatforms) = postSolution
		{81C7BD91-32F4-81D7-C376-C1EB93347F22}.Debug|Any CPU.ActiveCfg = Debug|Any CPU
		{81C7BD91-32F4-81D7-C376-C1EB93347F22}.Debug|Any CPU.Build.0 = Debug|Any CPU
		{81C7BD91-32F4-81D7-C376-C1EB93347F22}.Release|Any CPU.ActiveCfg = Release|Any CPU
		{81C7BD91-32F4-81D7-C376-C1EB93347F22}.Release|Any CPU.Build.0 = Release|Any CPU
	EndGlobalSection
	GlobalSection(SolutionProperties) = preSolution
		HideSolutionNode = FALSE
	EndGlobalSection
	GlobalSection(ExtensibilityGlobals) = postSolution
		SolutionGuid = {79B9F014-AFA2-4969-85D7-438A0BF51D78}
	EndGlobalSection
EndGlobal
